
Microsoft Visual Studio Solution File, Format Version 12.00
# Visual Studio Version 16
VisualStudioVersion = 16.0.30717.126
MinimumVisualStudioVersion = 10.0.40219.1
Project("{9A19103F-16F7-4668-BE54-9A1E7A4F7556}") = "LinkedList", "MyLinkedList\LinkedList.csproj", "{44A65369-FFDA-4AA5-9580-957EB87FEB8B}"
EndProject
Project("{9A19103F-16F7-4668-BE54-9A1E7A4F7556}") = "TwoLinkedList", "TwoLinkedList\TwoLinkedList.csproj", "{A9930CC4-896F-4755-8BEA-F35D8E2BCCC6}"
EndProject
Project("{FAE04EC0-301F-11D3-BF4B-00C04F79EFBC}") = "Stack", "Stack\Stack.csproj", "{762C7A93-21F9-483B-8FFE-A21F529CF4F2}"
EndProject
Global
	GlobalSection(SolutionConfigurationPlatforms) = preSolution
		Debug|Any CPU = Debug|Any CPU
		Release|Any CPU = Release|Any CPU
	EndGlobalSection
	GlobalSection(ProjectConfigurationPlatforms) = postSolution
		{44A65369-FFDA-4AA5-9580-957EB87FEB8B}.Debug|Any CPU.ActiveCfg = Debug|Any CPU
		{44A65369-FFDA-4AA5-9580-957EB87FEB8B}.Debug|Any CPU.Build.0 = Debug|Any CPU
		{44A65369-FFDA-4AA5-9580-957EB87FEB8B}.Release|Any CPU.ActiveCfg = Release|Any CPU
		{44A65369-FFDA-4AA5-9580-957EB87FEB8B}.Release|Any CPU.Build.0 = Release|Any CPU
		{A9930CC4-896F-4755-8BEA-F35D8E2BCCC6}.Debug|Any CPU.ActiveCfg = Debug|Any CPU
		{A9930CC4-896F-4755-8BEA-F35D8E2BCCC6}.Debug|Any CPU.Build.0 = Debug|Any CPU
		{A9930CC4-896F-4755-8BEA-F35D8E2BCCC6}.Release|Any CPU.ActiveCfg = Release|Any CPU
		{A9930CC4-896F-4755-8BEA-F35D8E2BCCC6}.Release|Any CPU.Build.0 = Release|Any CPU
		{762C7A93-21F9-483B-8FFE-A21F529CF4F2}.Debug|Any CPU.ActiveCfg = Debug|Any CPU
		{762C7A93-21F9-483B-8FFE-A21F529CF4F2}.Debug|Any CPU.Build.0 = Debug|Any CPU
		{762C7A93-21F9-483B-8FFE-A21F529CF4F2}.Release|Any CPU.ActiveCfg = Release|Any CPU
		{762C7A93-21F9-483B-8FFE-A21F529CF4F2}.Release|Any CPU.Build.0 = Release|Any CPU
	EndGlobalSection
	GlobalSection(SolutionProperties) = preSolution
		HideSolutionNode = FALSE
	EndGlobalSection
	GlobalSection(ExtensibilityGlobals) = postSolution
		SolutionGuid = {69994922-3AF9-425B-B23D-D305EEC308AA}
	EndGlobalSection
EndGlobal
